
Microsoft Visual Studio Solution File, Format Version 12.00
# Visual Studio Version 17
VisualStudioVersion = 17.14.36623.8 d17.14
MinimumVisualStudioVersion = 10.0.40219.1
Project("{FAE04EC0-301F-11D3-BF4B-00C04F79EFBC}") = "SOLID", "SOLID.csproj", "{4ECE6FA4-CEA5-4A1F-9188-7D4E91ACA3A1}"
EndProject
Global
	GlobalSection(SolutionConfigurationPlatforms) = preSolution
		Debug|Any CPU = Debug|Any CPU
		Release|Any CPU = Release|Any CPU
	EndGlobalSection
	GlobalSection(ProjectConfigurationPlatforms) = postSolution
		{4ECE6FA4-CEA5-4A1F-9188-7D4E91ACA3A1}.Debug|Any CPU.ActiveCfg = Debug|Any CPU
		{4ECE6FA4-CEA5-4A1F-9188-7D4E91ACA3A1}.Debug|Any CPU.Build.0 = Debug|Any CPU
		{4ECE6FA4-CEA5-4A1F-9188-7D4E91ACA3A1}.Release|Any CPU.ActiveCfg = Release|Any CPU
		{4ECE6FA4-CEA5-4A1F-9188-7D4E91ACA3A1}.Release|Any CPU.Build.0 = Release|Any CPU
	EndGlobalSection
	GlobalSection(SolutionProperties) = preSolution
		HideSolutionNode = FALSE
	EndGlobalSection
	GlobalSection(ExtensibilityGlobals) = postSolution
		SolutionGuid = {5505D93B-0F4D-42DE-944A-2F9CC0BC7699}
	EndGlobalSection
EndGlobal
