
Microsoft Visual Studio Solution File, Format Version 12.00
# Visual Studio Version 17
VisualStudioVersion = 17.14.36623.8 d17.14
MinimumVisualStudioVersion = 10.0.40219.1
Project("{FAE04EC0-301F-11D3-BF4B-00C04F79EFBC}") = "WhileDoWhile", "WhileDoWhile.csproj", "{0C8EDFAD-E5E4-45C9-BBD8-89DC37ABE243}"
EndProject
Global
	GlobalSection(SolutionConfigurationPlatforms) = preSolution
		Debug|Any CPU = Debug|Any CPU
		Release|Any CPU = Release|Any CPU
	EndGlobalSection
	GlobalSection(ProjectConfigurationPlatforms) = postSolution
		{0C8EDFAD-E5E4-45C9-BBD8-89DC37ABE243}.Debug|Any CPU.ActiveCfg = Debug|Any CPU
		{0C8EDFAD-E5E4-45C9-BBD8-89DC37ABE243}.Debug|Any CPU.Build.0 = Debug|Any CPU
		{0C8EDFAD-E5E4-45C9-BBD8-89DC37ABE243}.Release|Any CPU.ActiveCfg = Release|Any CPU
		{0C8EDFAD-E5E4-45C9-BBD8-89DC37ABE243}.Release|Any CPU.Build.0 = Release|Any CPU
	EndGlobalSection
	GlobalSection(SolutionProperties) = preSolution
		HideSolutionNode = FALSE
	EndGlobalSection
	GlobalSection(ExtensibilityGlobals) = postSolution
		SolutionGuid = {3D3C6426-72E8-4ED8-AAC5-F1F1C2B5B5C4}
	EndGlobalSection
EndGlobal
